{
  "name": "backend",
  "lockfileVersion": 3,
  "requires": true,
  "packages": {
    "": {
      "dependencies": {
        "tldextract": "^0.0.5"
      }
    },
    "node_modules/request": {
      "version": "2.2.9",
      "resolved": "https://registry.npmjs.org/request/-/request-2.2.9.tgz",
      "integrity": "sha512-ghe0epdhsogU/laqPTcWw+bS/fJ1cW6IDFXhDCr3VV42GDyMJdW8c2l+taYxLu+vuAHGh043IpypZIq/3jqEyQ==",
      "deprecated": "request has been deprecated, see https://github.com/request/request/issues/3142",
      "engines": [
        "node >= 0.3.6"
      ]
    },
    "node_modules/tldextract": {
      "version": "0.0.5",
      "resolved": "https://registry.npmjs.org/tldextract/-/tldextract-0.0.5.tgz",
      "integrity": "sha512-lz4HrPAEnZYBwF04/m2daL1n4Y2vtjFapGHuGc2Eg3Ihys/l1Mnawl4pNj6a3yP/R5EQU60I4sT+7neXBN6m0g==",
      "dependencies": {
        "request": "2.2.9"
      },
      "engines": {
        "node": ">= 0.4.0"
      }
    }
  }
}
